// !$*UTF8*$!
{
	archiveVersion = 1;
	classes = {
	};
	objectVersion = 48;
	objects = {

/* Begin PBXBuildFile section */
		006B6E071EF5128000ED0FB7 /* Activities.storyboard in Resources */ = {isa = PBXBuildFile; fileRef = 006B6E061EF5128000ED0FB7 /* Activities.storyboard */; };
		006B6E091EF5128B00ED0FB7 /* Services.storyboard in Resources */ = {isa = PBXBuildFile; fileRef = 006B6E081EF5128B00ED0FB7 /* Services.storyboard */; };
		006B6E0B1EF5129700ED0FB7 /* Schedule.storyboard in Resources */ = {isa = PBXBuildFile; fileRef = 006B6E0A1EF5129700ED0FB7 /* Schedule.storyboard */; };
		006B6E101EF5475C00ED0FB7 /* Activity.swift in Sources */ = {isa = PBXBuildFile; fileRef = 006B6E0F1EF5475C00ED0FB7 /* Activity.swift */; };
		006B6E121EF5478800ED0FB7 /* ActivityViewController.swift in Sources */ = {isa = PBXBuildFile; fileRef = 006B6E111EF5478800ED0FB7 /* ActivityViewController.swift */; };
		00F7D1221EF4F89C001C8B9B /* AppDelegate.swift in Sources */ = {isa = PBXBuildFile; fileRef = 00F7D1211EF4F89C001C8B9B /* AppDelegate.swift */; };
		00F7D1241EF4F89C001C8B9B /* ActivitiesViewController.swift in Sources */ = {isa = PBXBuildFile; fileRef = 00F7D1231EF4F89C001C8B9B /* ActivitiesViewController.swift */; };
		00F7D1261EF4F89C001C8B9B /* ServicesViewController.swift in Sources */ = {isa = PBXBuildFile; fileRef = 00F7D1251EF4F89C001C8B9B /* ServicesViewController.swift */; };
		00F7D1291EF4F89D001C8B9B /* Main.storyboard in Resources */ = {isa = PBXBuildFile; fileRef = 00F7D1271EF4F89D001C8B9B /* Main.storyboard */; };
		00F7D12B1EF4F89D001C8B9B /* Assets.xcassets in Resources */ = {isa = PBXBuildFile; fileRef = 00F7D12A1EF4F89D001C8B9B /* Assets.xcassets */; };
		00F7D12E1EF4F89D001C8B9B /* LaunchScreen.storyboard in Resources */ = {isa = PBXBuildFile; fileRef = 00F7D12C1EF4F89D001C8B9B /* LaunchScreen.storyboard */; };
		00F9A3CC1EF57A9D004407CD /* Category.swift in Sources */ = {isa = PBXBuildFile; fileRef = 00F9A3CB1EF57A9D004407CD /* Category.swift */; };
		00F9A3CE1EF57EF7004407CD /* ServiceCell.swift in Sources */ = {isa = PBXBuildFile; fileRef = 00F9A3CD1EF57EF7004407CD /* ServiceCell.swift */; };
		00F9A3D01EF5807C004407CD /* Profile.storyboard in Resources */ = {isa = PBXBuildFile; fileRef = 00F9A3CF1EF5807C004407CD /* Profile.storyboard */; };
		CAC3EBBFE903A5D780FC839C /* Pods_Elderler.framework in Frameworks */ = {isa = PBXBuildFile; fileRef = B926280E6928E683879FB6EC /* Pods_Elderler.framework */; };
/* End PBXBuildFile section */

/* Begin PBXFileReference section */
		006B6E061EF5128000ED0FB7 /* Activities.storyboard */ = {isa = PBXFileReference; fileEncoding = 4; lastKnownFileType = file.storyboard; path = Activities.storyboard; sourceTree = "<group>"; };
		006B6E081EF5128B00ED0FB7 /* Services.storyboard */ = {isa = PBXFileReference; fileEncoding = 4; lastKnownFileType = file.storyboard; path = Services.storyboard; sourceTree = "<group>"; };
		006B6E0A1EF5129700ED0FB7 /* Schedule.storyboard */ = {isa = PBXFileReference; fileEncoding = 4; lastKnownFileType = file.storyboard; path = Schedule.storyboard; sourceTree = "<group>"; };
		006B6E0F1EF5475C00ED0FB7 /* Activity.swift */ = {isa = PBXFileReference; fileEncoding = 4; lastKnownFileType = sourcecode.swift; path = Activity.swift; sourceTree = "<group>"; };
		006B6E111EF5478800ED0FB7 /* ActivityViewController.swift */ = {isa = PBXFileReference; fileEncoding = 4; lastKnownFileType = sourcecode.swift; path = ActivityViewController.swift; sourceTree = "<group>"; };
		00F7D11E1EF4F89C001C8B9B /* Elderler.app */ = {isa = PBXFileReference; explicitFileType = wrapper.application; includeInIndex = 0; path = Elderler.app; sourceTree = BUILT_PRODUCTS_DIR; };
		00F7D1211EF4F89C001C8B9B /* AppDelegate.swift */ = {isa = PBXFileReference; lastKnownFileType = sourcecode.swift; path = AppDelegate.swift; sourceTree = "<group>"; };
		00F7D1231EF4F89C001C8B9B /* ActivitiesViewController.swift */ = {isa = PBXFileReference; lastKnownFileType = sourcecode.swift; path = ActivitiesViewController.swift; sourceTree = "<group>"; };
		00F7D1251EF4F89C001C8B9B /* ServicesViewController.swift */ = {isa = PBXFileReference; lastKnownFileType = sourcecode.swift; path = ServicesViewController.swift; sourceTree = "<group>"; };
		00F7D1281EF4F89D001C8B9B /* Base */ = {isa = PBXFileReference; lastKnownFileType = file.storyboard; name = Base; path = Base.lproj/Main.storyboard; sourceTree = "<group>"; };
		00F7D12A1EF4F89D001C8B9B /* Assets.xcassets */ = {isa = PBXFileReference; lastKnownFileType = folder.assetcatalog; path = Assets.xcassets; sourceTree = "<group>"; };
		00F7D12D1EF4F89D001C8B9B /* Base */ = {isa = PBXFileReference; lastKnownFileType = file.storyboard; name = Base; path = Base.lproj/LaunchScreen.storyboard; sourceTree = "<group>"; };
		00F7D12F1EF4F89D001C8B9B /* Info.plist */ = {isa = PBXFileReference; lastKnownFileType = text.plist.xml; path = Info.plist; sourceTree = "<group>"; };
		00F9A3CB1EF57A9D004407CD /* Category.swift */ = {isa = PBXFileReference; fileEncoding = 4; lastKnownFileType = sourcecode.swift; path = Category.swift; sourceTree = "<group>"; };
		00F9A3CD1EF57EF7004407CD /* ServiceCell.swift */ = {isa = PBXFileReference; fileEncoding = 4; lastKnownFileType = sourcecode.swift; path = ServiceCell.swift; sourceTree = "<group>"; };
		00F9A3CF1EF5807C004407CD /* Profile.storyboard */ = {isa = PBXFileReference; fileEncoding = 4; lastKnownFileType = file.storyboard; path = Profile.storyboard; sourceTree = "<group>"; };
		B926280E6928E683879FB6EC /* Pods_Elderler.framework */ = {isa = PBXFileReference; explicitFileType = wrapper.framework; includeInIndex = 0; path = Pods_Elderler.framework; sourceTree = BUILT_PRODUCTS_DIR; };
		DB16133C77F721539416D624 /* Pods-Elderler.release.xcconfig */ = {isa = PBXFileReference; includeInIndex = 1; lastKnownFileType = text.xcconfig; name = "Pods-Elderler.release.xcconfig"; path = "Pods/Target Support Files/Pods-Elderler/Pods-Elderler.release.xcconfig"; sourceTree = "<group>"; };
		E0C30CA4542B6D059340BCAB /* Pods-Elderler.debug.xcconfig */ = {isa = PBXFileReference; includeInIndex = 1; lastKnownFileType = text.xcconfig; name = "Pods-Elderler.debug.xcconfig"; path = "Pods/Target Support Files/Pods-Elderler/Pods-Elderler.debug.xcconfig"; sourceTree = "<group>"; };
/* End PBXFileReference section */

/* Begin PBXFrameworksBuildPhase section */
		00F7D11B1EF4F89C001C8B9B /* Frameworks */ = {
			isa = PBXFrameworksBuildPhase;
			buildActionMask = 2147483647;
			files = (
				CAC3EBBFE903A5D780FC839C /* Pods_Elderler.framework in Frameworks */,
			);
			runOnlyForDeploymentPostprocessing = 0;
		};
/* End PBXFrameworksBuildPhase section */

/* Begin PBXGroup section */
		006B6E051EF50FB200ED0FB7 /* Storyboards */ = {
			isa = PBXGroup;
			children = (
				006B6E0A1EF5129700ED0FB7 /* Schedule.storyboard */,
				00F7D1271EF4F89D001C8B9B /* Main.storyboard */,
				00F7D12C1EF4F89D001C8B9B /* LaunchScreen.storyboard */,
			);
			name = Storyboards;
			sourceTree = "<group>";
		};
		006B6E0C1EF5188100ED0FB7 /* Services */ = {
			isa = PBXGroup;
			children = (
				006B6E081EF5128B00ED0FB7 /* Services.storyboard */,
				00F9A3CB1EF57A9D004407CD /* Category.swift */,
				00F7D1251EF4F89C001C8B9B /* ServicesViewController.swift */,
				00F9A3CD1EF57EF7004407CD /* ServiceCell.swift */,
			);
			name = Services;
			sourceTree = "<group>";
		};
		006B6E0D1EF5196E00ED0FB7 /* Profile */ = {
			isa = PBXGroup;
			children = (
				00F9A3CF1EF5807C004407CD /* Profile.storyboard */,
			);
			name = Profile;
			sourceTree = "<group>";
		};
		006B6E0E1EF5232400ED0FB7 /* Activities */ = {
			isa = PBXGroup;
			children = (
				006B6E061EF5128000ED0FB7 /* Activities.storyboard */,
				00F7D1231EF4F89C001C8B9B /* ActivitiesViewController.swift */,
				006B6E0F1EF5475C00ED0FB7 /* Activity.swift */,
				006B6E111EF5478800ED0FB7 /* ActivityViewController.swift */,
			);
			name = Activities;
			sourceTree = "<group>";
		};
		00F7D1151EF4F89C001C8B9B = {
			isa = PBXGroup;
			children = (
				00F7D1201EF4F89C001C8B9B /* Elderler */,
				00F7D11F1EF4F89C001C8B9B /* Products */,
				BA9B4540D2547D05F2BC2946 /* Pods */,
				0EA94CC26A854099F657BD2E /* Frameworks */,
			);
			sourceTree = "<group>";
		};
		00F7D11F1EF4F89C001C8B9B /* Products */ = {
			isa = PBXGroup;
			children = (
				00F7D11E1EF4F89C001C8B9B /* Elderler.app */,
			);
			name = Products;
			sourceTree = "<group>";
		};
		00F7D1201EF4F89C001C8B9B /* Elderler */ = {
			isa = PBXGroup;
			children = (
				006B6E0E1EF5232400ED0FB7 /* Activities */,
				006B6E0D1EF5196E00ED0FB7 /* Profile */,
				006B6E0C1EF5188100ED0FB7 /* Services */,
				006B6E051EF50FB200ED0FB7 /* Storyboards */,
				00F7D1211EF4F89C001C8B9B /* AppDelegate.swift */,
				00F7D12A1EF4F89D001C8B9B /* Assets.xcassets */,
				00F7D12F1EF4F89D001C8B9B /* Info.plist */,
			);
			path = Elderler;
			sourceTree = "<group>";
		};
		0EA94CC26A854099F657BD2E /* Frameworks */ = {
			isa = PBXGroup;
			children = (
				B926280E6928E683879FB6EC /* Pods_Elderler.framework */,
			);
			name = Frameworks;
			sourceTree = "<group>";
		};
		BA9B4540D2547D05F2BC2946 /* Pods */ = {
			isa = PBXGroup;
			children = (
				E0C30CA4542B6D059340BCAB /* Pods-Elderler.debug.xcconfig */,
				DB16133C77F721539416D624 /* Pods-Elderler.release.xcconfig */,
			);
			name = Pods;
			sourceTree = "<group>";
		};
/* End PBXGroup section */

/* Begin PBXNativeTarget section */
		00F7D11D1EF4F89C001C8B9B /* Elderler */ = {
			isa = PBXNativeTarget;
			buildConfigurationList = 00F7D1321EF4F89D001C8B9B /* Build configuration list for PBXNativeTarget "Elderler" */;
			buildPhases = (
				474E9336FCF9DD91481FC9B4 /* [CP] Check Pods Manifest.lock */,
				00F7D11A1EF4F89C001C8B9B /* Sources */,
				00F7D11B1EF4F89C001C8B9B /* Frameworks */,
				00F7D11C1EF4F89C001C8B9B /* Resources */,
				B7A4ACFC9269069B03F555E0 /* [CP] Embed Pods Frameworks */,
				DFB823DF796D89DB6ED5123D /* [CP] Copy Pods Resources */,
			);
			buildRules = (
			);
			dependencies = (
			);
			name = Elderler;
			productName = Elderler;
			productReference = 00F7D11E1EF4F89C001C8B9B /* Elderler.app */;
			productType = "com.apple.product-type.application";
		};
/* End PBXNativeTarget section */

/* Begin PBXProject section */
		00F7D1161EF4F89C001C8B9B /* Project object */ = {
			isa = PBXProject;
			attributes = {
				LastSwiftUpdateCheck = 0830;
				LastUpgradeCheck = 0830;
				ORGANIZATIONNAME = riwu;
				TargetAttributes = {
					00F7D11D1EF4F89C001C8B9B = {
						CreatedOnToolsVersion = 8.3.3;
						ProvisioningStyle = Automatic;
					};
				};
			};
			buildConfigurationList = 00F7D1191EF4F89C001C8B9B /* Build configuration list for PBXProject "Elderler" */;
			compatibilityVersion = "Xcode 8.0";
			developmentRegion = English;
			hasScannedForEncodings = 0;
			knownRegions = (
				en,
				Base,
			);
			mainGroup = 00F7D1151EF4F89C001C8B9B;
			productRefGroup = 00F7D11F1EF4F89C001C8B9B /* Products */;
			projectDirPath = "";
			projectRoot = "";
			targets = (
				00F7D11D1EF4F89C001C8B9B /* Elderler */,
			);
		};
/* End PBXProject section */

/* Begin PBXResourcesBuildPhase section */
		00F7D11C1EF4F89C001C8B9B /* Resources */ = {
			isa = PBXResourcesBuildPhase;
			buildActionMask = 2147483647;
			files = (
				006B6E0B1EF5129700ED0FB7 /* Schedule.storyboard in Resources */,
				006B6E071EF5128000ED0FB7 /* Activities.storyboard in Resources */,
				00F7D12E1EF4F89D001C8B9B /* LaunchScreen.storyboard in Resources */,
				00F7D12B1EF4F89D001C8B9B /* Assets.xcassets in Resources */,
				006B6E091EF5128B00ED0FB7 /* Services.storyboard in Resources */,
				00F9A3D01EF5807C004407CD /* Profile.storyboard in Resources */,
				00F7D1291EF4F89D001C8B9B /* Main.storyboard in Resources */,
			);
			runOnlyForDeploymentPostprocessing = 0;
		};
/* End PBXResourcesBuildPhase section */

/* Begin PBXShellScriptBuildPhase section */
		474E9336FCF9DD91481FC9B4 /* [CP] Check Pods Manifest.lock */ = {
			isa = PBXShellScriptBuildPhase;
			buildActionMask = 2147483647;
			files = (
			);
			inputPaths = (
			);
			name = "[CP] Check Pods Manifest.lock";
			outputPaths = (
			);
			runOnlyForDeploymentPostprocessing = 0;
			shellPath = /bin/sh;
			shellScript = "diff \"${PODS_PODFILE_DIR_PATH}/Podfile.lock\" \"${PODS_ROOT}/Manifest.lock\" > /dev/null\nif [ $? != 0 ] ; then\n    # print error to STDERR\n    echo \"error: The sandbox is not in sync with the Podfile.lock. Run 'pod install' or update your CocoaPods installation.\" >&2\n    exit 1\nfi\n";
			showEnvVarsInLog = 0;
		};
		B7A4ACFC9269069B03F555E0 /* [CP] Embed Pods Frameworks */ = {
			isa = PBXShellScriptBuildPhase;
			buildActionMask = 2147483647;
			files = (
			);
			inputPaths = (
			);
			name = "[CP] Embed Pods Frameworks";
			outputPaths = (
			);
			runOnlyForDeploymentPostprocessing = 0;
			shellPath = /bin/sh;
			shellScript = "\"${SRCROOT}/Pods/Target Support Files/Pods-Elderler/Pods-Elderler-frameworks.sh\"\n";
			showEnvVarsInLog = 0;
		};
		DFB823DF796D89DB6ED5123D /* [CP] Copy Pods Resources */ = {
			isa = PBXShellScriptBuildPhase;
			buildActionMask = 2147483647;
			files = (
			);
			inputPaths = (
			);
			name = "[CP] Copy Pods Resources";
			outputPaths = (
			);
			runOnlyForDeploymentPostprocessing = 0;
			shellPath = /bin/sh;
			shellScript = "\"${SRCROOT}/Pods/Target Support Files/Pods-Elderler/Pods-Elderler-resources.sh\"\n";
			showEnvVarsInLog = 0;
		};
/* End PBXShellScriptBuildPhase section */

/* Begin PBXSourcesBuildPhase section */
		00F7D11A1EF4F89C001C8B9B /* Sources */ = {
			isa = PBXSourcesBuildPhase;
			buildActionMask = 2147483647;
			files = (
				00F7D1261EF4F89C001C8B9B /* ServicesViewController.swift in Sources */,
				00F7D1221EF4F89C001C8B9B /* AppDelegate.swift in Sources */,
				006B6E101EF5475C00ED0FB7 /* Activity.swift in Sources */,
				00F9A3CE1EF57EF7004407CD /* ServiceCell.swift in Sources */,
				006B6E121EF5478800ED0FB7 /* ActivityViewController.swift in Sources */,
				00F7D1241EF4F89C001C8B9B /* ActivitiesViewController.swift in Sources */,
				00F9A3CC1EF57A9D004407CD /* Category.swift in Sources */,
			);
			runOnlyForDeploymentPostprocessing = 0;
		};
/* End PBXSourcesBuildPhase section */

/* Begin PBXVariantGroup section */
		00F7D1271EF4F89D001C8B9B /* Main.storyboard */ = {
			isa = PBXVariantGroup;
			children = (
				00F7D1281EF4F89D001C8B9B /* Base */,
			);
			name = Main.storyboard;
			sourceTree = "<group>";
		};
		00F7D12C1EF4F89D001C8B9B /* LaunchScreen.storyboard */ = {
			isa = PBXVariantGroup;
			children = (
				00F7D12D1EF4F89D001C8B9B /* Base */,
			);
			name = LaunchScreen.storyboard;
			sourceTree = "<group>";
		};
/* End PBXVariantGroup section */

/* Begin XCBuildConfiguration section */
		00F7D1301EF4F89D001C8B9B /* Debug */ = {
			isa = XCBuildConfiguration;
			buildSettings = {
				ALWAYS_SEARCH_USER_PATHS = NO;
				CLANG_ANALYZER_NONNULL = YES;
				CLANG_ANALYZER_NUMBER_OBJECT_CONVERSION = YES_AGGRESSIVE;
				CLANG_CXX_LANGUAGE_STANDARD = "gnu++0x";
				CLANG_CXX_LIBRARY = "libc++";
				CLANG_ENABLE_MODULES = YES;
				CLANG_ENABLE_OBJC_ARC = YES;
				CLANG_WARN_BOOL_CONVERSION = YES;
				CLANG_WARN_CONSTANT_CONVERSION = YES;
				CLANG_WARN_DIRECT_OBJC_ISA_USAGE = YES_ERROR;
				CLANG_WARN_DOCUMENTATION_COMMENTS = YES;
				CLANG_WARN_EMPTY_BODY = YES;
				CLANG_WARN_ENUM_CONVERSION = YES;
				CLANG_WARN_INFINITE_RECURSION = YES;
				CLANG_WARN_INT_CONVERSION = YES;
				CLANG_WARN_OBJC_ROOT_CLASS = YES_ERROR;
				CLANG_WARN_SUSPICIOUS_MOVE = YES;
				CLANG_WARN_UNREACHABLE_CODE = YES;
				CLANG_WARN__DUPLICATE_METHOD_MATCH = YES;
				"CODE_SIGN_IDENTITY[sdk=iphoneos*]" = "iPhone Developer";
				COPY_PHASE_STRIP = NO;
				DEBUG_INFORMATION_FORMAT = dwarf;
				ENABLE_STRICT_OBJC_MSGSEND = YES;
				ENABLE_TESTABILITY = YES;
				GCC_C_LANGUAGE_STANDARD = gnu99;
				GCC_DYNAMIC_NO_PIC = NO;
				GCC_NO_COMMON_BLOCKS = YES;
				GCC_OPTIMIZATION_LEVEL = 0;
				GCC_PREPROCESSOR_DEFINITIONS = (
					"DEBUG=1",
					"$(inherited)",
				);
				GCC_WARN_64_TO_32_BIT_CONVERSION = YES;
				GCC_WARN_ABOUT_RETURN_TYPE = YES_ERROR;
				GCC_WARN_UNDECLARED_SELECTOR = YES;
				GCC_WARN_UNINITIALIZED_AUTOS = YES_AGGRESSIVE;
				GCC_WARN_UNUSED_FUNCTION = YES;
				GCC_WARN_UNUSED_VARIABLE = YES;
				IPHONEOS_DEPLOYMENT_TARGET = 10.3;
				MTL_ENABLE_DEBUG_INFO = YES;
				ONLY_ACTIVE_ARCH = YES;
				SDKROOT = iphoneos;
				SWIFT_ACTIVE_COMPILATION_CONDITIONS = DEBUG;
				SWIFT_OPTIMIZATION_LEVEL = "-Onone";
				TARGETED_DEVICE_FAMILY = "1,2";
			};
			name = Debug;
		};
		00F7D1311EF4F89D001C8B9B /* Release */ = {
			isa = XCBuildConfiguration;
			buildSettings = {
				ALWAYS_SEARCH_USER_PATHS = NO;
				CLANG_ANALYZER_NONNULL = YES;
				CLANG_ANALYZER_NUMBER_OBJECT_CONVERSION = YES_AGGRESSIVE;
				CLANG_CXX_LANGUAGE_STANDARD = "gnu++0x";
				CLANG_CXX_LIBRARY = "libc++";
				CLANG_ENABLE_MODULES = YES;
				CLANG_ENABLE_OBJC_ARC = YES;
				CLANG_WARN_BOOL_CONVERSION = YES;
				CLANG_WARN_CONSTANT_CONVERSION = YES;
				CLANG_WARN_DIRECT_OBJC_ISA_USAGE = YES_ERROR;
				CLANG_WARN_DOCUMENTATION_COMMENTS = YES;
				CLANG_WARN_EMPTY_BODY = YES;
				CLANG_WARN_ENUM_CONVERSION = YES;
				CLANG_WARN_INFINITE_RECURSION = YES;
				CLANG_WARN_INT_CONVERSION = YES;
				CLANG_WARN_OBJC_ROOT_CLASS = YES_ERROR;
				CLANG_WARN_SUSPICIOUS_MOVE = YES;
				CLANG_WARN_UNREACHABLE_CODE = YES;
				CLANG_WARN__DUPLICATE_METHOD_MATCH = YES;
				"CODE_SIGN_IDENTITY[sdk=iphoneos*]" = "iPhone Developer";
				COPY_PHASE_STRIP = NO;
				DEBUG_INFORMATION_FORMAT = "dwarf-with-dsym";
				ENABLE_NS_ASSERTIONS = NO;
				ENABLE_STRICT_OBJC_MSGSEND = YES;
				GCC_C_LANGUAGE_STANDARD = gnu99;
				GCC_NO_COMMON_BLOCKS = YES;
				GCC_WARN_64_TO_32_BIT_CONVERSION = YES;
				GCC_WARN_ABOUT_RETURN_TYPE = YES_ERROR;
				GCC_WARN_UNDECLARED_SELECTOR = YES;
				GCC_WARN_UNINITIALIZED_AUTOS = YES_AGGRESSIVE;
				GCC_WARN_UNUSED_FUNCTION = YES;
				GCC_WARN_UNUSED_VARIABLE = YES;
				IPHONEOS_DEPLOYMENT_TARGET = 10.3;
				MTL_ENABLE_DEBUG_INFO = NO;
				SDKROOT = iphoneos;
				SWIFT_OPTIMIZATION_LEVEL = "-Owholemodule";
				TARGETED_DEVICE_FAMILY = "1,2";
				VALIDATE_PRODUCT = YES;
			};
			name = Release;
		};
		00F7D1331EF4F89D001C8B9B /* Debug */ = {
			isa = XCBuildConfiguration;
			baseConfigurationReference = E0C30CA4542B6D059340BCAB /* Pods-Elderler.debug.xcconfig */;
			buildSettings = {
				ASSETCATALOG_COMPILER_APPICON_NAME = AppIcon;
				DEVELOPMENT_TEAM = QX6E2SX99X;
				INFOPLIST_FILE = Elderler/Info.plist;
				LD_RUNPATH_SEARCH_PATHS = "$(inherited) @executable_path/Frameworks";
				PRODUCT_BUNDLE_IDENTIFIER = riwu.Elderler;
				PRODUCT_NAME = "$(TARGET_NAME)";
				SWIFT_VERSION = 3.0;
				TARGETED_DEVICE_FAMILY = "1,2";
			};
			name = Debug;
		};
		00F7D1341EF4F89D001C8B9B /* Release */ = {
			isa = XCBuildConfiguration;
			baseConfigurationReference = DB16133C77F721539416D624 /* Pods-Elderler.release.xcconfig */;
			buildSettings = {
				ASSETCATALOG_COMPILER_APPICON_NAME = AppIcon;
				DEVELOPMENT_TEAM = QX6E2SX99X;
				INFOPLIST_FILE = Elderler/Info.plist;
				LD_RUNPATH_SEARCH_PATHS = "$(inherited) @executable_path/Frameworks";
				PRODUCT_BUNDLE_IDENTIFIER = riwu.Elderler;
				PRODUCT_NAME = "$(TARGET_NAME)";
				SWIFT_VERSION = 3.0;
				TARGETED_DEVICE_FAMILY = "1,2";
			};
			name = Release;
		};
/* End XCBuildConfiguration section */

/* Begin XCConfigurationList section */
		00F7D1191EF4F89C001C8B9B /* Build configuration list for PBXProject "Elderler" */ = {
			isa = XCConfigurationList;
			buildConfigurations = (
				00F7D1301EF4F89D001C8B9B /* Debug */,
				00F7D1311EF4F89D001C8B9B /* Release */,
			);
			defaultConfigurationIsVisible = 0;
			defaultConfigurationName = Release;
		};
		00F7D1321EF4F89D001C8B9B /* Build configuration list for PBXNativeTarget "Elderler" */ = {
			isa = XCConfigurationList;
			buildConfigurations = (
				00F7D1331EF4F89D001C8B9B /* Debug */,
				00F7D1341EF4F89D001C8B9B /* Release */,
			);
			defaultConfigurationIsVisible = 0;
			defaultConfigurationName = Release;
		};
/* End XCConfigurationList section */
	};
	rootObject = 00F7D1161EF4F89C001C8B9B /* Project object */;
}
